
Microsoft Visual Studio Solution File, Format Version 12.00
# Visual Studio Version 16
VisualStudioVersion = 16.0.31105.61
MinimumVisualStudioVersion = 10.0.40219.1
Project("{9A19103F-16F7-4668-BE54-9A1E7A4F7556}") = "BillingApplication", "BillingApplication.csproj", "{52266EE0-C42D-4693-8AD7-F696FF9463DE}"
EndProject
Global
	GlobalSection(SolutionConfigurationPlatforms) = preSolution
		Debug|Any CPU = Debug|Any CPU
		Release|Any CPU = Release|Any CPU
	EndGlobalSection
	GlobalSection(ProjectConfigurationPlatforms) = postSolution
		{52266EE0-C42D-4693-8AD7-F696FF9463DE}.Debug|Any CPU.ActiveCfg = Debug|Any CPU
		{52266EE0-C42D-4693-8AD7-F696FF9463DE}.Debug|Any CPU.Build.0 = Debug|Any CPU
		{52266EE0-C42D-4693-8AD7-F696FF9463DE}.Release|Any CPU.ActiveCfg = Release|Any CPU
		{52266EE0-C42D-4693-8AD7-F696FF9463DE}.Release|Any CPU.Build.0 = Release|Any CPU
	EndGlobalSection
	GlobalSection(SolutionProperties) = preSolution
		HideSolutionNode = FALSE
	EndGlobalSection
	GlobalSection(ExtensibilityGlobals) = postSolution
		SolutionGuid = {4A2D1383-D7AE-44ED-A5E5-FE56AC552AAC}
	EndGlobalSection
EndGlobal
